{
    "name": "tutorial-jsc8-stream-ws-on-cfw",
    "version": "1.0.0",
    "lockfileVersion": 2,
    "requires": true,
    "packages": {
        "": {
            "version": "1.0.0",
            "dependencies": {
                "jsc8": "0.17.3-beta.1"
            },
            "devDependencies": {
                "prettier": "^1.18.2"
            }
        },
        "../../../../../aditi/Tushar/Project/macrometa/jsc8": {
            "extraneous": true
        },
        "../../jsc8": {
            "version": "0.16.3",
            "extraneous": true,
            "license": "Apache-2.0",
            "dependencies": {
                "csvtojson": "^2.0.10",
                "es6-error": "^4.0.1",
                "jsonata": "^1.8.4",
                "jwt-decode": "^2.2.0",
                "linkedlist": "^1.0.1",
                "multi-part": "^2.0.0",
                "query-string": "^6.11.1",
                "ws": "^6.1.0",
                "xhr": "^2.4.1"
            },
            "devDependencies": {
                "@types/chai": "^4.0.10",
                "@types/mocha": "^5.2.1",
                "@types/request": "^2.47.1",
                "@types/request-promise": "^4.1.42",
                "babel-core": "^6.26.0",
                "babel-eslint": "^8.0.3",
                "babel-loader": "^7.1.2",
                "babel-plugin-transform-class-properties": "^6.24.1",
                "babel-plugin-transform-object-rest-spread": "^6.26.0",
                "babel-preset-env": "^1.6.1",
                "chai": "^4.0.2",
                "cpy-cli": "^2.0.0",
                "eslint": "^4.13.0",
                "eslint-config-prettier": "^2.9.0",
                "eslint-plugin-prettier": "^2.3.1",
                "mocha": "^5.2.0",
                "mochawesome": "^4.1.0",
                "npm-run-all": "^4.1.5",
                "prettier": "^1.9.1",
                "regenerator-runtime": "^0.11.1",
                "rimraf": "^2.6.2",
                "source-map-support": "^0.5.0",
                "ts-loader": "^3.2.0",
                "typescript": "^2.6.2",
                "webpack": "^3.0.0",
                "xunit-file": "^1.0.0",
                "yarn": "^1.10.1"
            }
        },
        "../../jsC8": {
            "name": "jsc8",
            "version": "0.16.3",
            "extraneous": true,
            "license": "Apache-2.0",
            "dependencies": {
                "csvtojson": "^2.0.10",
                "es6-error": "^4.0.1",
                "jwt-decode": "^2.2.0",
                "linkedlist": "^1.0.1",
                "multi-part": "^2.0.0",
                "query-string": "^6.11.1",
                "ws": "^6.1.0",
                "xhr": "^2.4.1"
            },
            "devDependencies": {
                "@types/chai": "^4.0.10",
                "@types/mocha": "^5.2.1",
                "@types/request": "^2.47.1",
                "@types/request-promise": "^4.1.42",
                "babel-core": "^6.26.0",
                "babel-eslint": "^8.0.3",
                "babel-loader": "^7.1.2",
                "babel-plugin-transform-class-properties": "^6.24.1",
                "babel-plugin-transform-object-rest-spread": "^6.26.0",
                "babel-preset-env": "^1.6.1",
                "chai": "^4.0.2",
                "cpy-cli": "^2.0.0",
                "eslint": "^4.13.0",
                "eslint-config-prettier": "^2.9.0",
                "eslint-plugin-prettier": "^2.3.1",
                "mocha": "^5.2.0",
                "mochawesome": "^4.1.0",
                "npm-run-all": "^4.1.5",
                "prettier": "^1.9.1",
                "regenerator-runtime": "^0.11.1",
                "rimraf": "^2.6.2",
                "source-map-support": "^0.5.0",
                "ts-loader": "^3.2.0",
                "typescript": "^2.6.2",
                "webpack": "^3.0.0",
                "xunit-file": "^1.0.0",
                "yarn": "^1.10.1"
            }
        },
        "node_modules/async-limiter": {
            "version": "1.0.1",
            "resolved": "https://registry.npmjs.org/async-limiter/-/async-limiter-1.0.1.tgz",
            "integrity": "sha512-csOlWGAcRFJaI6m+F2WKdnMKr4HhdhFVBk0H/QbJFMCr+uO2kwohwXQPxw/9OCxp05r5ghVBFSyioixx3gfkNQ=="
        },
        "node_modules/bluebird": {
            "version": "3.7.2",
            "resolved": "https://registry.npmjs.org/bluebird/-/bluebird-3.7.2.tgz",
            "integrity": "sha512-XpNj6GDQzdfW+r2Wnn7xiSAd7TM3jzkxGXBGTtWKuSXv1xUV+azxAm8jdWZN06QTQk+2N2XB9jRDkvbmQmcRtg=="
        },
        "node_modules/csvtojson": {
            "version": "2.0.10",
            "resolved": "https://registry.npmjs.org/csvtojson/-/csvtojson-2.0.10.tgz",
            "integrity": "sha512-lUWFxGKyhraKCW8Qghz6Z0f2l/PqB1W3AO0HKJzGIQ5JRSlR651ekJDiGJbBT4sRNNv5ddnSGVEnsxP9XRCVpQ==",
            "dependencies": {
                "bluebird": "^3.5.1",
                "lodash": "^4.17.3",
                "strip-bom": "^2.0.0"
            },
            "bin": {
                "csvtojson": "bin/csvtojson"
            },
            "engines": {
                "node": ">=4.0.0"
            }
        },
        "node_modules/decode-uri-component": {
            "version": "0.2.0",
            "resolved": "https://registry.npmjs.org/decode-uri-component/-/decode-uri-component-0.2.0.tgz",
            "integrity": "sha1-6zkTMzRYd1y4TNGh+uBiEGu4dUU=",
            "engines": {
                "node": ">=0.10"
            }
        },
        "node_modules/dom-walk": {
            "version": "0.1.2",
            "resolved": "https://registry.npmjs.org/dom-walk/-/dom-walk-0.1.2.tgz",
            "integrity": "sha512-6QvTW9mrGeIegrFXdtQi9pk7O/nSK6lSdXW2eqUspN5LWD7UTji2Fqw5V2YLjBpHEoU9Xl/eUWNpDeZvoyOv2w=="
        },
        "node_modules/es6-error": {
            "version": "4.1.1",
            "resolved": "https://registry.npmjs.org/es6-error/-/es6-error-4.1.1.tgz",
            "integrity": "sha512-Um/+FxMr9CISWh0bi5Zv0iOD+4cFh5qLeks1qhAopKVAJw3drgKbKySikp7wGhDL0HPeaja0P5ULZrxLkniUVg=="
        },
        "node_modules/file-type": {
            "version": "4.4.0",
            "resolved": "https://registry.npmjs.org/file-type/-/file-type-4.4.0.tgz",
            "integrity": "sha1-G2AOX8ofvcboDApwxxyNul95BsU=",
            "engines": {
                "node": ">=4"
            }
        },
        "node_modules/filter-obj": {
            "version": "1.1.0",
            "resolved": "https://registry.npmjs.org/filter-obj/-/filter-obj-1.1.0.tgz",
            "integrity": "sha1-mzERErxsYSehbgFsbF1/GeCAXFs=",
            "engines": {
                "node": ">=0.10.0"
            }
        },
        "node_modules/global": {
            "version": "4.4.0",
            "resolved": "https://registry.npmjs.org/global/-/global-4.4.0.tgz",
            "integrity": "sha512-wv/LAoHdRE3BeTGz53FAamhGlPLhlssK45usmGFThIi4XqnBmjKQ16u+RNbP7WvigRZDxUsM0J3gcQ5yicaL0w==",
            "dependencies": {
                "min-document": "^2.19.0",
                "process": "^0.11.10"
            }
        },
        "node_modules/is-function": {
            "version": "1.0.2",
            "resolved": "https://registry.npmjs.org/is-function/-/is-function-1.0.2.tgz",
            "integrity": "sha512-lw7DUp0aWXYg+CBCN+JKkcE0Q2RayZnSvnZBlwgxHBQhqt5pZNVy4Ri7H9GmmXkdu7LUthszM+Tor1u/2iBcpQ=="
        },
        "node_modules/is-utf8": {
            "version": "0.2.1",
            "resolved": "https://registry.npmjs.org/is-utf8/-/is-utf8-0.2.1.tgz",
            "integrity": "sha1-Sw2hRCEE0bM2NA6AeX6GXPOffXI="
        },
        "node_modules/jsc8": {
            "version": "0.17.3-beta.1",
            "resolved": "https://registry.npmjs.org/jsc8/-/jsc8-0.17.3-beta.1.tgz",
            "integrity": "sha512-nfkR/9d57dFYM08UYHszojqvYlB3vunQxgaJLeg+SFqLXxFhy4+BWSr8IEHFeH9Xi7+A9SDB1qeozpyQ8NzbAw==",
            "dependencies": {
                "csvtojson": "^2.0.10",
                "es6-error": "^4.0.1",
                "jwt-decode": "^2.2.0",
                "linkedlist": "^1.0.1",
                "multi-part": "^2.0.0",
                "query-string": "^6.11.1",
                "ws": "^6.1.0",
                "xhr": "^2.4.1"
            }
        },
        "node_modules/jwt-decode": {
            "version": "2.2.0",
            "resolved": "https://registry.npmjs.org/jwt-decode/-/jwt-decode-2.2.0.tgz",
            "integrity": "sha1-fYa9VmefWM5qhHBKZX3TkruoGnk="
        },
        "node_modules/linkedlist": {
            "version": "1.0.1",
            "resolved": "https://registry.npmjs.org/linkedlist/-/linkedlist-1.0.1.tgz",
            "integrity": "sha1-e3QYm/rW52Nn+1oQ88NpExKLeCs=",
            "engines": {
                "node": ">= v0.6.x"
            }
        },
        "node_modules/lodash": {
            "version": "4.17.21",
            "resolved": "https://registry.npmjs.org/lodash/-/lodash-4.17.21.tgz",
            "integrity": "sha512-v2kDEe57lecTulaDIuNTPy3Ry4gLGJ6Z1O3vE1krgXZNrsQ+LFTGHVxVjcXPs17LhbZVGedAJv8XZ1tvj5FvSg=="
        },
        "node_modules/mime-db": {
            "version": "1.48.0",
            "resolved": "https://registry.npmjs.org/mime-db/-/mime-db-1.48.0.tgz",
            "integrity": "sha512-FM3QwxV+TnZYQ2aRqhlKBMHxk10lTbMt3bBkMAp54ddrNeVSfcQYOOKuGuy3Ddrm38I04If834fOUSq1yzslJQ==",
            "engines": {
                "node": ">= 0.6"
            }
        },
        "node_modules/mime-kind": {
            "version": "2.0.2",
            "resolved": "https://registry.npmjs.org/mime-kind/-/mime-kind-2.0.2.tgz",
            "integrity": "sha1-WkPVvr3rCCGCIk2dJjIGMp5Xzfg=",
            "dependencies": {
                "file-type": "^4.3.0",
                "mime-types": "^2.1.15"
            },
            "engines": {
                "node": ">=4.0.0"
            }
        },
        "node_modules/mime-types": {
            "version": "2.1.31",
            "resolved": "https://registry.npmjs.org/mime-types/-/mime-types-2.1.31.tgz",
            "integrity": "sha512-XGZnNzm3QvgKxa8dpzyhFTHmpP3l5YNusmne07VUOXxou9CqUqYa/HBy124RqtVh/O2pECas/MOcsDgpilPOPg==",
            "dependencies": {
                "mime-db": "1.48.0"
            },
            "engines": {
                "node": ">= 0.6"
            }
        },
        "node_modules/min-document": {
            "version": "2.19.0",
            "resolved": "https://registry.npmjs.org/min-document/-/min-document-2.19.0.tgz",
            "integrity": "sha1-e9KC4/WELtKVu3SM3Z8f+iyCRoU=",
            "dependencies": {
                "dom-walk": "^0.1.0"
            }
        },
        "node_modules/multi-part": {
            "version": "2.0.0",
            "resolved": "https://registry.npmjs.org/multi-part/-/multi-part-2.0.0.tgz",
            "integrity": "sha1-Z09TtDL4UM+MwC0w0h8gZOMJVjw=",
            "dependencies": {
                "mime-kind": "^2.0.1"
            },
            "engines": {
                "node": ">=4.0.0"
            }
        },
        "node_modules/parse-headers": {
            "version": "2.0.3",
            "resolved": "https://registry.npmjs.org/parse-headers/-/parse-headers-2.0.3.tgz",
            "integrity": "sha512-QhhZ+DCCit2Coi2vmAKbq5RGTRcQUOE2+REgv8vdyu7MnYx2eZztegqtTx99TZ86GTIwqiy3+4nQTWZ2tgmdCA=="
        },
        "node_modules/prettier": {
            "version": "1.19.1",
            "resolved": "https://registry.npmjs.org/prettier/-/prettier-1.19.1.tgz",
            "integrity": "sha512-s7PoyDv/II1ObgQunCbB9PdLmUcBZcnWOcxDh7O0N/UwDEsHyqkW+Qh28jW+mVuCdx7gLB0BotYI1Y6uI9iyew==",
            "dev": true,
            "bin": {
                "prettier": "bin-prettier.js"
            },
            "engines": {
                "node": ">=4"
            }
        },
        "node_modules/process": {
            "version": "0.11.10",
            "resolved": "https://registry.npmjs.org/process/-/process-0.11.10.tgz",
            "integrity": "sha1-czIwDoQBYb2j5podHZGn1LwW8YI=",
            "engines": {
                "node": ">= 0.6.0"
            }
        },
        "node_modules/query-string": {
            "version": "6.14.1",
            "resolved": "https://registry.npmjs.org/query-string/-/query-string-6.14.1.tgz",
            "integrity": "sha512-XDxAeVmpfu1/6IjyT/gXHOl+S0vQ9owggJ30hhWKdHAsNPOcasn5o9BW0eejZqL2e4vMjhAxoW3jVHcD6mbcYw==",
            "dependencies": {
                "decode-uri-component": "^0.2.0",
                "filter-obj": "^1.1.0",
                "split-on-first": "^1.0.0",
                "strict-uri-encode": "^2.0.0"
            },
            "engines": {
                "node": ">=6"
            },
            "funding": {
                "url": "https://github.com/sponsors/sindresorhus"
            }
        },
        "node_modules/split-on-first": {
            "version": "1.1.0",
            "resolved": "https://registry.npmjs.org/split-on-first/-/split-on-first-1.1.0.tgz",
            "integrity": "sha512-43ZssAJaMusuKWL8sKUBQXHWOpq8d6CfN/u1p4gUzfJkM05C8rxTmYrkIPTXapZpORA6LkkzcUulJ8FqA7Uudw==",
            "engines": {
                "node": ">=6"
            }
        },
        "node_modules/strict-uri-encode": {
            "version": "2.0.0",
            "resolved": "https://registry.npmjs.org/strict-uri-encode/-/strict-uri-encode-2.0.0.tgz",
            "integrity": "sha1-ucczDHBChi9rFC3CdLvMWGbONUY=",
            "engines": {
                "node": ">=4"
            }
        },
        "node_modules/strip-bom": {
            "version": "2.0.0",
            "resolved": "https://registry.npmjs.org/strip-bom/-/strip-bom-2.0.0.tgz",
            "integrity": "sha1-YhmoVhZSBJHzV4i9vxRHqZx+aw4=",
            "dependencies": {
                "is-utf8": "^0.2.0"
            },
            "engines": {
                "node": ">=0.10.0"
            }
        },
        "node_modules/ws": {
            "version": "6.2.2",
            "resolved": "https://registry.npmjs.org/ws/-/ws-6.2.2.tgz",
            "integrity": "sha512-zmhltoSR8u1cnDsD43TX59mzoMZsLKqUweyYBAIvTngR3shc0W6aOZylZmq/7hqyVxPdi+5Ud2QInblgyE72fw==",
            "dependencies": {
                "async-limiter": "~1.0.0"
            }
        },
        "node_modules/xhr": {
            "version": "2.6.0",
            "resolved": "https://registry.npmjs.org/xhr/-/xhr-2.6.0.tgz",
            "integrity": "sha512-/eCGLb5rxjx5e3mF1A7s+pLlR6CGyqWN91fv1JgER5mVWg1MZmlhBvy9kjcsOdRk8RrIujotWyJamfyrp+WIcA==",
            "dependencies": {
                "global": "~4.4.0",
                "is-function": "^1.0.1",
                "parse-headers": "^2.0.0",
                "xtend": "^4.0.0"
            }
        },
        "node_modules/xtend": {
            "version": "4.0.2",
            "resolved": "https://registry.npmjs.org/xtend/-/xtend-4.0.2.tgz",
            "integrity": "sha512-LKYU1iAXJXUgAXn9URjiu+MWhyUXHsvfp7mcuYm9dSUKK0/CjtrUwFAxD82/mCWbtLsGjFIad0wIsod4zrTAEQ==",
            "engines": {
                "node": ">=0.4"
            }
        }
    },
    "dependencies": {
        "async-limiter": {
            "version": "1.0.1",
            "resolved": "https://registry.npmjs.org/async-limiter/-/async-limiter-1.0.1.tgz",
            "integrity": "sha512-csOlWGAcRFJaI6m+F2WKdnMKr4HhdhFVBk0H/QbJFMCr+uO2kwohwXQPxw/9OCxp05r5ghVBFSyioixx3gfkNQ=="
        },
        "bluebird": {
            "version": "3.7.2",
            "resolved": "https://registry.npmjs.org/bluebird/-/bluebird-3.7.2.tgz",
            "integrity": "sha512-XpNj6GDQzdfW+r2Wnn7xiSAd7TM3jzkxGXBGTtWKuSXv1xUV+azxAm8jdWZN06QTQk+2N2XB9jRDkvbmQmcRtg=="
        },
        "csvtojson": {
            "version": "2.0.10",
            "resolved": "https://registry.npmjs.org/csvtojson/-/csvtojson-2.0.10.tgz",
            "integrity": "sha512-lUWFxGKyhraKCW8Qghz6Z0f2l/PqB1W3AO0HKJzGIQ5JRSlR651ekJDiGJbBT4sRNNv5ddnSGVEnsxP9XRCVpQ==",
            "requires": {
                "bluebird": "^3.5.1",
                "lodash": "^4.17.3",
                "strip-bom": "^2.0.0"
            }
        },
        "decode-uri-component": {
            "version": "0.2.0",
            "resolved": "https://registry.npmjs.org/decode-uri-component/-/decode-uri-component-0.2.0.tgz",
            "integrity": "sha1-6zkTMzRYd1y4TNGh+uBiEGu4dUU="
        },
        "dom-walk": {
            "version": "0.1.2",
            "resolved": "https://registry.npmjs.org/dom-walk/-/dom-walk-0.1.2.tgz",
            "integrity": "sha512-6QvTW9mrGeIegrFXdtQi9pk7O/nSK6lSdXW2eqUspN5LWD7UTji2Fqw5V2YLjBpHEoU9Xl/eUWNpDeZvoyOv2w=="
        },
        "es6-error": {
            "version": "4.1.1",
            "resolved": "https://registry.npmjs.org/es6-error/-/es6-error-4.1.1.tgz",
            "integrity": "sha512-Um/+FxMr9CISWh0bi5Zv0iOD+4cFh5qLeks1qhAopKVAJw3drgKbKySikp7wGhDL0HPeaja0P5ULZrxLkniUVg=="
        },
        "file-type": {
            "version": "4.4.0",
            "resolved": "https://registry.npmjs.org/file-type/-/file-type-4.4.0.tgz",
            "integrity": "sha1-G2AOX8ofvcboDApwxxyNul95BsU="
        },
        "filter-obj": {
            "version": "1.1.0",
            "resolved": "https://registry.npmjs.org/filter-obj/-/filter-obj-1.1.0.tgz",
            "integrity": "sha1-mzERErxsYSehbgFsbF1/GeCAXFs="
        },
        "global": {
            "version": "4.4.0",
            "resolved": "https://registry.npmjs.org/global/-/global-4.4.0.tgz",
            "integrity": "sha512-wv/LAoHdRE3BeTGz53FAamhGlPLhlssK45usmGFThIi4XqnBmjKQ16u+RNbP7WvigRZDxUsM0J3gcQ5yicaL0w==",
            "requires": {
                "min-document": "^2.19.0",
                "process": "^0.11.10"
            }
        },
        "is-function": {
            "version": "1.0.2",
            "resolved": "https://registry.npmjs.org/is-function/-/is-function-1.0.2.tgz",
            "integrity": "sha512-lw7DUp0aWXYg+CBCN+JKkcE0Q2RayZnSvnZBlwgxHBQhqt5pZNVy4Ri7H9GmmXkdu7LUthszM+Tor1u/2iBcpQ=="
        },
        "is-utf8": {
            "version": "0.2.1",
            "resolved": "https://registry.npmjs.org/is-utf8/-/is-utf8-0.2.1.tgz",
            "integrity": "sha1-Sw2hRCEE0bM2NA6AeX6GXPOffXI="
        },
        "jsc8": {
            "version": "0.17.3-beta.1",
            "resolved": "https://registry.npmjs.org/jsc8/-/jsc8-0.17.3-beta.1.tgz",
            "integrity": "sha512-nfkR/9d57dFYM08UYHszojqvYlB3vunQxgaJLeg+SFqLXxFhy4+BWSr8IEHFeH9Xi7+A9SDB1qeozpyQ8NzbAw==",
            "requires": {
                "csvtojson": "^2.0.10",
                "es6-error": "^4.0.1",
                "jwt-decode": "^2.2.0",
                "linkedlist": "^1.0.1",
                "multi-part": "^2.0.0",
                "query-string": "^6.11.1",
                "ws": "^6.1.0",
                "xhr": "^2.4.1"
            }
        },
        "jwt-decode": {
            "version": "2.2.0",
            "resolved": "https://registry.npmjs.org/jwt-decode/-/jwt-decode-2.2.0.tgz",
            "integrity": "sha1-fYa9VmefWM5qhHBKZX3TkruoGnk="
        },
        "linkedlist": {
            "version": "1.0.1",
            "resolved": "https://registry.npmjs.org/linkedlist/-/linkedlist-1.0.1.tgz",
            "integrity": "sha1-e3QYm/rW52Nn+1oQ88NpExKLeCs="
        },
        "lodash": {
            "version": "4.17.21",
            "resolved": "https://registry.npmjs.org/lodash/-/lodash-4.17.21.tgz",
            "integrity": "sha512-v2kDEe57lecTulaDIuNTPy3Ry4gLGJ6Z1O3vE1krgXZNrsQ+LFTGHVxVjcXPs17LhbZVGedAJv8XZ1tvj5FvSg=="
        },
        "mime-db": {
            "version": "1.48.0",
            "resolved": "https://registry.npmjs.org/mime-db/-/mime-db-1.48.0.tgz",
            "integrity": "sha512-FM3QwxV+TnZYQ2aRqhlKBMHxk10lTbMt3bBkMAp54ddrNeVSfcQYOOKuGuy3Ddrm38I04If834fOUSq1yzslJQ=="
        },
        "mime-kind": {
            "version": "2.0.2",
            "resolved": "https://registry.npmjs.org/mime-kind/-/mime-kind-2.0.2.tgz",
            "integrity": "sha1-WkPVvr3rCCGCIk2dJjIGMp5Xzfg=",
            "requires": {
                "file-type": "^4.3.0",
                "mime-types": "^2.1.15"
            }
        },
        "mime-types": {
            "version": "2.1.31",
            "resolved": "https://registry.npmjs.org/mime-types/-/mime-types-2.1.31.tgz",
            "integrity": "sha512-XGZnNzm3QvgKxa8dpzyhFTHmpP3l5YNusmne07VUOXxou9CqUqYa/HBy124RqtVh/O2pECas/MOcsDgpilPOPg==",
            "requires": {
                "mime-db": "1.48.0"
            }
        },
        "min-document": {
            "version": "2.19.0",
            "resolved": "https://registry.npmjs.org/min-document/-/min-document-2.19.0.tgz",
            "integrity": "sha1-e9KC4/WELtKVu3SM3Z8f+iyCRoU=",
            "requires": {
                "dom-walk": "^0.1.0"
            }
        },
        "multi-part": {
            "version": "2.0.0",
            "resolved": "https://registry.npmjs.org/multi-part/-/multi-part-2.0.0.tgz",
            "integrity": "sha1-Z09TtDL4UM+MwC0w0h8gZOMJVjw=",
            "requires": {
                "mime-kind": "^2.0.1"
            }
        },
        "parse-headers": {
            "version": "2.0.3",
            "resolved": "https://registry.npmjs.org/parse-headers/-/parse-headers-2.0.3.tgz",
            "integrity": "sha512-QhhZ+DCCit2Coi2vmAKbq5RGTRcQUOE2+REgv8vdyu7MnYx2eZztegqtTx99TZ86GTIwqiy3+4nQTWZ2tgmdCA=="
        },
        "prettier": {
            "version": "1.19.1",
            "resolved": "https://registry.npmjs.org/prettier/-/prettier-1.19.1.tgz",
            "integrity": "sha512-s7PoyDv/II1ObgQunCbB9PdLmUcBZcnWOcxDh7O0N/UwDEsHyqkW+Qh28jW+mVuCdx7gLB0BotYI1Y6uI9iyew==",
            "dev": true
        },
        "process": {
            "version": "0.11.10",
            "resolved": "https://registry.npmjs.org/process/-/process-0.11.10.tgz",
            "integrity": "sha1-czIwDoQBYb2j5podHZGn1LwW8YI="
        },
        "query-string": {
            "version": "6.14.1",
            "resolved": "https://registry.npmjs.org/query-string/-/query-string-6.14.1.tgz",
            "integrity": "sha512-XDxAeVmpfu1/6IjyT/gXHOl+S0vQ9owggJ30hhWKdHAsNPOcasn5o9BW0eejZqL2e4vMjhAxoW3jVHcD6mbcYw==",
            "requires": {
                "decode-uri-component": "^0.2.0",
                "filter-obj": "^1.1.0",
                "split-on-first": "^1.0.0",
                "strict-uri-encode": "^2.0.0"
            }
        },
        "split-on-first": {
            "version": "1.1.0",
            "resolved": "https://registry.npmjs.org/split-on-first/-/split-on-first-1.1.0.tgz",
            "integrity": "sha512-43ZssAJaMusuKWL8sKUBQXHWOpq8d6CfN/u1p4gUzfJkM05C8rxTmYrkIPTXapZpORA6LkkzcUulJ8FqA7Uudw=="
        },
        "strict-uri-encode": {
            "version": "2.0.0",
            "resolved": "https://registry.npmjs.org/strict-uri-encode/-/strict-uri-encode-2.0.0.tgz",
            "integrity": "sha1-ucczDHBChi9rFC3CdLvMWGbONUY="
        },
        "strip-bom": {
            "version": "2.0.0",
            "resolved": "https://registry.npmjs.org/strip-bom/-/strip-bom-2.0.0.tgz",
            "integrity": "sha1-YhmoVhZSBJHzV4i9vxRHqZx+aw4=",
            "requires": {
                "is-utf8": "^0.2.0"
            }
        },
        "ws": {
            "version": "6.2.2",
            "resolved": "https://registry.npmjs.org/ws/-/ws-6.2.2.tgz",
            "integrity": "sha512-zmhltoSR8u1cnDsD43TX59mzoMZsLKqUweyYBAIvTngR3shc0W6aOZylZmq/7hqyVxPdi+5Ud2QInblgyE72fw==",
            "requires": {
                "async-limiter": "~1.0.0"
            }
        },
        "xhr": {
            "version": "2.6.0",
            "resolved": "https://registry.npmjs.org/xhr/-/xhr-2.6.0.tgz",
            "integrity": "sha512-/eCGLb5rxjx5e3mF1A7s+pLlR6CGyqWN91fv1JgER5mVWg1MZmlhBvy9kjcsOdRk8RrIujotWyJamfyrp+WIcA==",
            "requires": {
                "global": "~4.4.0",
                "is-function": "^1.0.1",
                "parse-headers": "^2.0.0",
                "xtend": "^4.0.0"
            }
        },
        "xtend": {
            "version": "4.0.2",
            "resolved": "https://registry.npmjs.org/xtend/-/xtend-4.0.2.tgz",
            "integrity": "sha512-LKYU1iAXJXUgAXn9URjiu+MWhyUXHsvfp7mcuYm9dSUKK0/CjtrUwFAxD82/mCWbtLsGjFIad0wIsod4zrTAEQ=="
        }
    }
}
